
Microsoft Visual Studio Solution File, Format Version 12.00
# Visual Studio Version 16
VisualStudioVersion = 16.0.31019.35
MinimumVisualStudioVersion = 10.0.40219.1
Project("{9A19103F-16F7-4668-BE54-9A1E7A4F7556}") = "Catalogo_Blazor.Server", "Catalogo_Blazor\Server\Catalogo_Blazor.Server.csproj", "{499CEEA9-23AD-4382-8701-D30D9BFF0E94}"
EndProject
Project("{9A19103F-16F7-4668-BE54-9A1E7A4F7556}") = "Catalogo_Blazor.Client", "Catalogo_Blazor\Client\Catalogo_Blazor.Client.csproj", "{E78ED697-5A84-4737-86D1-3C8EEE15FBBD}"
EndProject
Project("{9A19103F-16F7-4668-BE54-9A1E7A4F7556}") = "Catalogo_Blazor.Shared", "Catalogo_Blazor\Shared\Catalogo_Blazor.Shared.csproj", "{CECE9997-679D-414A-B0CD-2FBCC88E7A50}"
EndProject
Global
	GlobalSection(SolutionConfigurationPlatforms) = preSolution
		Debug|Any CPU = Debug|Any CPU
		Release|Any CPU = Release|Any CPU
	EndGlobalSection
	GlobalSection(ProjectConfigurationPlatforms) = postSolution
		{499CEEA9-23AD-4382-8701-D30D9BFF0E94}.Debug|Any CPU.ActiveCfg = Debug|Any CPU
		{499CEEA9-23AD-4382-8701-D30D9BFF0E94}.Debug|Any CPU.Build.0 = Debug|Any CPU
		{499CEEA9-23AD-4382-8701-D30D9BFF0E94}.Release|Any CPU.ActiveCfg = Release|Any CPU
		{499CEEA9-23AD-4382-8701-D30D9BFF0E94}.Release|Any CPU.Build.0 = Release|Any CPU
		{E78ED697-5A84-4737-86D1-3C8EEE15FBBD}.Debug|Any CPU.ActiveCfg = Debug|Any CPU
		{E78ED697-5A84-4737-86D1-3C8EEE15FBBD}.Debug|Any CPU.Build.0 = Debug|Any CPU
		{E78ED697-5A84-4737-86D1-3C8EEE15FBBD}.Release|Any CPU.ActiveCfg = Release|Any CPU
		{E78ED697-5A84-4737-86D1-3C8EEE15FBBD}.Release|Any CPU.Build.0 = Release|Any CPU
		{CECE9997-679D-414A-B0CD-2FBCC88E7A50}.Debug|Any CPU.ActiveCfg = Debug|Any CPU
		{CECE9997-679D-414A-B0CD-2FBCC88E7A50}.Debug|Any CPU.Build.0 = Debug|Any CPU
		{CECE9997-679D-414A-B0CD-2FBCC88E7A50}.Release|Any CPU.ActiveCfg = Release|Any CPU
		{CECE9997-679D-414A-B0CD-2FBCC88E7A50}.Release|Any CPU.Build.0 = Release|Any CPU
	EndGlobalSection
	GlobalSection(SolutionProperties) = preSolution
		HideSolutionNode = FALSE
	EndGlobalSection
	GlobalSection(ExtensibilityGlobals) = postSolution
		SolutionGuid = {1F64DC7B-5494-4E98-8843-3A2BA662FAC1}
	EndGlobalSection
EndGlobal
